
Microsoft Visual Studio Solution File, Format Version 12.00
# Visual Studio Version 17
VisualStudioVersion = 17.6.33829.357
MinimumVisualStudioVersion = 10.0.40219.1
Project("{FAE04EC0-301F-11D3-BF4B-00C04F79EFBC}") = "CodePulseAPI", "CodePulseAPI\CodePulseAPI.csproj", "{ECCF4FFA-3672-4F9B-8A93-25A32BA1855F}"
EndProject
Global
	GlobalSection(SolutionConfigurationPlatforms) = preSolution
		Debug|Any CPU = Debug|Any CPU
		Release|Any CPU = Release|Any CPU
	EndGlobalSection
	GlobalSection(ProjectConfigurationPlatforms) = postSolution
		{ECCF4FFA-3672-4F9B-8A93-25A32BA1855F}.Debug|Any CPU.ActiveCfg = Debug|Any CPU
		{ECCF4FFA-3672-4F9B-8A93-25A32BA1855F}.Debug|Any CPU.Build.0 = Debug|Any CPU
		{ECCF4FFA-3672-4F9B-8A93-25A32BA1855F}.Release|Any CPU.ActiveCfg = Release|Any CPU
		{ECCF4FFA-3672-4F9B-8A93-25A32BA1855F}.Release|Any CPU.Build.0 = Release|Any CPU
	EndGlobalSection
	GlobalSection(SolutionProperties) = preSolution
		HideSolutionNode = FALSE
	EndGlobalSection
	GlobalSection(ExtensibilityGlobals) = postSolution
		SolutionGuid = {7B1883A1-FF2D-49AD-9C6C-3219153EAA24}
	EndGlobalSection
EndGlobal
